
Microsoft Visual Studio Solution File, Format Version 12.00
# Visual Studio 15
Project("{FAE04EC0-301F-11D3-BF4B-00C04F79EFBC}") = "Assembly-CSharp", "Assembly-CSharp.csproj", "{43DA62B9-B5FA-22FD-F9F0-6EDD3A1ED32E}"
EndProject
Project("{FAE04EC0-301F-11D3-BF4B-00C04F79EFBC}") = "Assembly-CSharp-firstpass", "Assembly-CSharp-firstpass.csproj", "{6BCD0829-6CB5-427F-E36C-4B950C27DE76}"
EndProject
Project("{FAE04EC0-301F-11D3-BF4B-00C04F79EFBC}") = "Assembly-CSharp-Editor-firstpass", "Assembly-CSharp-Editor-firstpass.csproj", "{1E2B9546-1CA8-527D-87BB-CBBBC39B230C}"
EndProject
Global
	GlobalSection(SolutionConfigurationPlatforms) = preSolution
		Debug|Any CPU = Debug|Any CPU
		Release|Any CPU = Release|Any CPU
	EndGlobalSection
	GlobalSection(ProjectConfigurationPlatforms) = postSolution
		{43DA62B9-B5FA-22FD-F9F0-6EDD3A1ED32E}.Debug|Any CPU.ActiveCfg = Debug|Any CPU
		{43DA62B9-B5FA-22FD-F9F0-6EDD3A1ED32E}.Debug|Any CPU.Build.0 = Debug|Any CPU
		{43DA62B9-B5FA-22FD-F9F0-6EDD3A1ED32E}.Release|Any CPU.ActiveCfg = Release|Any CPU
		{43DA62B9-B5FA-22FD-F9F0-6EDD3A1ED32E}.Release|Any CPU.Build.0 = Release|Any CPU
		{6BCD0829-6CB5-427F-E36C-4B950C27DE76}.Debug|Any CPU.ActiveCfg = Debug|Any CPU
		{6BCD0829-6CB5-427F-E36C-4B950C27DE76}.Debug|Any CPU.Build.0 = Debug|Any CPU
		{6BCD0829-6CB5-427F-E36C-4B950C27DE76}.Release|Any CPU.ActiveCfg = Release|Any CPU
		{6BCD0829-6CB5-427F-E36C-4B950C27DE76}.Release|Any CPU.Build.0 = Release|Any CPU
		{1E2B9546-1CA8-527D-87BB-CBBBC39B230C}.Debug|Any CPU.ActiveCfg = Debug|Any CPU
		{1E2B9546-1CA8-527D-87BB-CBBBC39B230C}.Debug|Any CPU.Build.0 = Debug|Any CPU
		{1E2B9546-1CA8-527D-87BB-CBBBC39B230C}.Release|Any CPU.ActiveCfg = Release|Any CPU
		{1E2B9546-1CA8-527D-87BB-CBBBC39B230C}.Release|Any CPU.Build.0 = Release|Any CPU
	EndGlobalSection
	GlobalSection(SolutionProperties) = preSolution
		HideSolutionNode = FALSE
	EndGlobalSection
EndGlobal
